// !$*UTF8*$!
{
	archiveVersion = 1;
	classes = {
	};
	objectVersion = 46;
	objects = {

/* Begin PBXBuildFile section */
		0A6498271EC9B81B004582A0 /* creds.plist in Resources */ = {isa = PBXBuildFile; fileRef = 0A6498261EC9B81B004582A0 /* creds.plist */; };
		0A6696E21DC2454200E51E82 /* ProfileViewController.swift in Sources */ = {isa = PBXBuildFile; fileRef = 0A6696E11DC2454200E51E82 /* ProfileViewController.swift */; };
		0A6696E41DC3654600E51E82 /* AvailableRewardsViewController.swift in Sources */ = {isa = PBXBuildFile; fileRef = 0A6696E31DC3654600E51E82 /* AvailableRewardsViewController.swift */; };
		0A9467F21EA11B2A00085C54 /* TrackTransactionViewController.swift in Sources */ = {isa = PBXBuildFile; fileRef = 0A9467F11EA11B2A00085C54 /* TrackTransactionViewController.swift */; };
		0A9467F41EA6371500085C54 /* TransactionsListTableViewController.swift in Sources */ = {isa = PBXBuildFile; fileRef = 0A9467F31EA6371500085C54 /* TransactionsListTableViewController.swift */; };
		0A9467F81EBA200D00085C54 /* ContactGeoDataViewController.swift in Sources */ = {isa = PBXBuildFile; fileRef = 0A9467F71EBA200D00085C54 /* ContactGeoDataViewController.swift */; };
		0AB1DAE71DB50B6400B65DC7 /* MenuViewController.swift in Sources */ = {isa = PBXBuildFile; fileRef = 0AB1DAE51DB50B6400B65DC7 /* MenuViewController.swift */; };
		0AB1DAE81DB50B6400B65DC7 /* RegisterViewController.swift in Sources */ = {isa = PBXBuildFile; fileRef = 0AB1DAE61DB50B6400B65DC7 /* RegisterViewController.swift */; };
		0AB1DAEE1DBE21A200B65DC7 /* SignInViewController.swift in Sources */ = {isa = PBXBuildFile; fileRef = 0AB1DAED1DBE21A200B65DC7 /* SignInViewController.swift */; };
		0AB1DAF01DBE22EA00B65DC7 /* BaseViewController.swift in Sources */ = {isa = PBXBuildFile; fileRef = 0AB1DAEF1DBE22EA00B65DC7 /* BaseViewController.swift */; };
		0AC13FCC1E718CFC00D4B17D /* PushNotificationEnrollmentController.swift in Sources */ = {isa = PBXBuildFile; fileRef = 0AC13FCB1E718CFC00D4B17D /* PushNotificationEnrollmentController.swift */; };
		0ADD73961E7C122200E1BF24 /* PushNotificationMessagesTableViewController.swift in Sources */ = {isa = PBXBuildFile; fileRef = 0ADD73951E7C122200E1BF24 /* PushNotificationMessagesTableViewController.swift */; };
		0AFA7C1F1E8D64D0004DE357 /* ContactManagementViewController.swift in Sources */ = {isa = PBXBuildFile; fileRef = 0AFA7C1E1E8D64D0004DE357 /* ContactManagementViewController.swift */; };
		0AFB99951DC381C200EE9200 /* UserProgressViewController.swift in Sources */ = {isa = PBXBuildFile; fileRef = 0AFB99941DC381C200EE9200 /* UserProgressViewController.swift */; };
		0AFB99971DC3B7F400EE9200 /* GiftCardsViewController.swift in Sources */ = {isa = PBXBuildFile; fileRef = 0AFB99961DC3B7F400EE9200 /* GiftCardsViewController.swift */; };
		607FACD61AFB9204008FA782 /* AppDelegate.swift in Sources */ = {isa = PBXBuildFile; fileRef = 607FACD51AFB9204008FA782 /* AppDelegate.swift */; };
		607FACDB1AFB9204008FA782 /* Main.storyboard in Resources */ = {isa = PBXBuildFile; fileRef = 607FACD91AFB9204008FA782 /* Main.storyboard */; };
		607FACDD1AFB9204008FA782 /* Images.xcassets in Resources */ = {isa = PBXBuildFile; fileRef = 607FACDC1AFB9204008FA782 /* Images.xcassets */; };
		607FACE01AFB9204008FA782 /* LaunchScreen.xib in Resources */ = {isa = PBXBuildFile; fileRef = 607FACDE1AFB9204008FA782 /* LaunchScreen.xib */; };
		69C7954FD705D4B0AABC17EF /* Pods_BeanstalkEngageiOSSDK_Example.framework in Frameworks */ = {isa = PBXBuildFile; fileRef = 9C9368698314646B1179234A /* Pods_BeanstalkEngageiOSSDK_Example.framework */; };
		6C7E8E0DFDCFAB0757D82709 /* Pods_BeanstalkEngageiOSSDK_Tests.framework in Frameworks */ = {isa = PBXBuildFile; fileRef = 392133891CF7051582DC5028 /* Pods_BeanstalkEngageiOSSDK_Tests.framework */; };
		891053A91E9D12E000595D1D /* PushNotificationsTests.swift in Sources */ = {isa = PBXBuildFile; fileRef = 891053A81E9D12E000595D1D /* PushNotificationsTests.swift */; };
		893DA2511E3151EE0095A44B /* AccountTests.swift in Sources */ = {isa = PBXBuildFile; fileRef = 893DA2501E3151EE0095A44B /* AccountTests.swift */; };
		893DA2701E36A5140095A44B /* SessionTests.swift in Sources */ = {isa = PBXBuildFile; fileRef = 893DA26F1E36A5140095A44B /* SessionTests.swift */; };
		894907BB1E1C2EA00089CB10 /* TestsMetadata.swift in Sources */ = {isa = PBXBuildFile; fileRef = 894907B91E1C2E730089CB10 /* TestsMetadata.swift */; };
		896623E61E449DF70015698C /* StoresTests.swift in Sources */ = {isa = PBXBuildFile; fileRef = 896623E51E449DF70015698C /* StoresTests.swift */; };
		896623EE1E49B74E0015698C /* ContactModel.swift in Sources */ = {isa = PBXBuildFile; fileRef = 896623ED1E49B74E0015698C /* ContactModel.swift */; };
		896623F31E49C4E90015698C /* ContactModel.swift in Sources */ = {isa = PBXBuildFile; fileRef = 896623ED1E49B74E0015698C /* ContactModel.swift */; };
		896623F81E4B0C4D0015698C /* RewardsTests.swift in Sources */ = {isa = PBXBuildFile; fileRef = 896623F71E4B0C4D0015698C /* RewardsTests.swift */; };
		896623FC1E4B2A210015698C /* GiftCardsTests.swift in Sources */ = {isa = PBXBuildFile; fileRef = 896623FB1E4B2A210015698C /* GiftCardsTests.swift */; };
		89ACF7F01E4F215300F8B67A /* ApiService.swift in Sources */ = {isa = PBXBuildFile; fileRef = 89ACF7EF1E4F215300F8B67A /* ApiService.swift */; };
		89ACF7F11E4F215300F8B67A /* ApiService.swift in Sources */ = {isa = PBXBuildFile; fileRef = 89ACF7EF1E4F215300F8B67A /* ApiService.swift */; };
		89ACF7F41E5091C300F8B67A /* ContactRequest.swift in Sources */ = {isa = PBXBuildFile; fileRef = 89ACF7F31E5091C300F8B67A /* ContactRequest.swift */; };
		89ACF7F51E5091C300F8B67A /* ContactRequest.swift in Sources */ = {isa = PBXBuildFile; fileRef = 89ACF7F31E5091C300F8B67A /* ContactRequest.swift */; };
		89BFAC711F691D0100C2C87B /* LocalizationTests.swift in Sources */ = {isa = PBXBuildFile; fileRef = 89BFAC6F1F691CC200C2C87B /* LocalizationTests.swift */; };
		89EDF7CD1E9F78540027B3DC /* LoadingHandlerProtocol.swift in Sources */ = {isa = PBXBuildFile; fileRef = 89EDF7CC1E9F78540027B3DC /* LoadingHandlerProtocol.swift */; };
		89EDF7CF1E9F78DA0027B3DC /* LoadingHandler.swift in Sources */ = {isa = PBXBuildFile; fileRef = 89EDF7CE1E9F78DA0027B3DC /* LoadingHandler.swift */; };
/* End PBXBuildFile section */

/* Begin PBXContainerItemProxy section */
		607FACE61AFB9204008FA782 /* PBXContainerItemProxy */ = {
			isa = PBXContainerItemProxy;
			containerPortal = 607FACC81AFB9204008FA782 /* Project object */;
			proxyType = 1;
			remoteGlobalIDString = 607FACCF1AFB9204008FA782;
			remoteInfo = BeanstalkEngageiOSSDK;
		};
/* End PBXContainerItemProxy section */

/* Begin PBXFileReference section */
		0A6498261EC9B81B004582A0 /* creds.plist */ = {isa = PBXFileReference; fileEncoding = 4; lastKnownFileType = text.plist.xml; path = creds.plist; sourceTree = "<group>"; };
		0A6696E11DC2454200E51E82 /* ProfileViewController.swift */ = {isa = PBXFileReference; fileEncoding = 4; lastKnownFileType = sourcecode.swift; path = ProfileViewController.swift; sourceTree = "<group>"; };
		0A6696E31DC3654600E51E82 /* AvailableRewardsViewController.swift */ = {isa = PBXFileReference; fileEncoding = 4; lastKnownFileType = sourcecode.swift; path = AvailableRewardsViewController.swift; sourceTree = "<group>"; };
		0A9467F11EA11B2A00085C54 /* TrackTransactionViewController.swift */ = {isa = PBXFileReference; fileEncoding = 4; lastKnownFileType = sourcecode.swift; path = TrackTransactionViewController.swift; sourceTree = "<group>"; };
		0A9467F31EA6371500085C54 /* TransactionsListTableViewController.swift */ = {isa = PBXFileReference; fileEncoding = 4; lastKnownFileType = sourcecode.swift; path = TransactionsListTableViewController.swift; sourceTree = "<group>"; };
		0A9467F71EBA200D00085C54 /* ContactGeoDataViewController.swift */ = {isa = PBXFileReference; fileEncoding = 4; lastKnownFileType = sourcecode.swift; path = ContactGeoDataViewController.swift; sourceTree = "<group>"; };
		0AB1DAE51DB50B6400B65DC7 /* MenuViewController.swift */ = {isa = PBXFileReference; fileEncoding = 4; lastKnownFileType = sourcecode.swift; path = MenuViewController.swift; sourceTree = "<group>"; };
		0AB1DAE61DB50B6400B65DC7 /* RegisterViewController.swift */ = {isa = PBXFileReference; fileEncoding = 4; lastKnownFileType = sourcecode.swift; path = RegisterViewController.swift; sourceTree = "<group>"; };
		0AB1DAED1DBE21A200B65DC7 /* SignInViewController.swift */ = {isa = PBXFileReference; fileEncoding = 4; lastKnownFileType = sourcecode.swift; path = SignInViewController.swift; sourceTree = "<group>"; };
		0AB1DAEF1DBE22EA00B65DC7 /* BaseViewController.swift */ = {isa = PBXFileReference; fileEncoding = 4; lastKnownFileType = sourcecode.swift; path = BaseViewController.swift; sourceTree = "<group>"; };
		0AC13FCB1E718CFC00D4B17D /* PushNotificationEnrollmentController.swift */ = {isa = PBXFileReference; fileEncoding = 4; lastKnownFileType = sourcecode.swift; path = PushNotificationEnrollmentController.swift; sourceTree = "<group>"; };
		0AC13FCF1E71923500D4B17D /* BeanstalkEngageiOSSDK_Example.entitlements */ = {isa = PBXFileReference; lastKnownFileType = text.plist.entitlements; path = BeanstalkEngageiOSSDK_Example.entitlements; sourceTree = SOURCE_ROOT; };
		0ADD73951E7C122200E1BF24 /* PushNotificationMessagesTableViewController.swift */ = {isa = PBXFileReference; fileEncoding = 4; lastKnownFileType = sourcecode.swift; path = PushNotificationMessagesTableViewController.swift; sourceTree = "<group>"; };
		0AFA7C1E1E8D64D0004DE357 /* ContactManagementViewController.swift */ = {isa = PBXFileReference; fileEncoding = 4; lastKnownFileType = sourcecode.swift; path = ContactManagementViewController.swift; sourceTree = "<group>"; };
		0AFB99941DC381C200EE9200 /* UserProgressViewController.swift */ = {isa = PBXFileReference; fileEncoding = 4; lastKnownFileType = sourcecode.swift; path = UserProgressViewController.swift; sourceTree = "<group>"; };
		0AFB99961DC3B7F400EE9200 /* GiftCardsViewController.swift */ = {isa = PBXFileReference; fileEncoding = 4; lastKnownFileType = sourcecode.swift; path = GiftCardsViewController.swift; sourceTree = "<group>"; };
		1A78645877142EFB4A3A3A44 /* LICENSE */ = {isa = PBXFileReference; includeInIndex = 1; lastKnownFileType = text; name = LICENSE; path = ../LICENSE; sourceTree = "<group>"; };
		1C4626020FA66DEFAE21FA51 /* Pods-BeanstalkEngageiOSSDK_Example.debug.xcconfig */ = {isa = PBXFileReference; includeInIndex = 1; lastKnownFileType = text.xcconfig; name = "Pods-BeanstalkEngageiOSSDK_Example.debug.xcconfig"; path = "Pods/Target Support Files/Pods-BeanstalkEngageiOSSDK_Example/Pods-BeanstalkEngageiOSSDK_Example.debug.xcconfig"; sourceTree = "<group>"; };
		28F16C6568C1903F85E216AF /* Pods-BeanstalkEngageiOSSDK_Tests.release.xcconfig */ = {isa = PBXFileReference; includeInIndex = 1; lastKnownFileType = text.xcconfig; name = "Pods-BeanstalkEngageiOSSDK_Tests.release.xcconfig"; path = "Pods/Target Support Files/Pods-BeanstalkEngageiOSSDK_Tests/Pods-BeanstalkEngageiOSSDK_Tests.release.xcconfig"; sourceTree = "<group>"; };
		392133891CF7051582DC5028 /* Pods_BeanstalkEngageiOSSDK_Tests.framework */ = {isa = PBXFileReference; explicitFileType = wrapper.framework; includeInIndex = 0; path = Pods_BeanstalkEngageiOSSDK_Tests.framework; sourceTree = BUILT_PRODUCTS_DIR; };
		3BB9CBAC53060E7DC2795B5B /* BeanstalkEngageiOSSDK.podspec */ = {isa = PBXFileReference; includeInIndex = 1; lastKnownFileType = text; name = BeanstalkEngageiOSSDK.podspec; path = ../BeanstalkEngageiOSSDK.podspec; sourceTree = "<group>"; };
		3D28308C4FB6BEFF9E1F7A21 /* Pods-BeanstalkEngageiOSSDK_Tests.debug.xcconfig */ = {isa = PBXFileReference; includeInIndex = 1; lastKnownFileType = text.xcconfig; name = "Pods-BeanstalkEngageiOSSDK_Tests.debug.xcconfig"; path = "Pods/Target Support Files/Pods-BeanstalkEngageiOSSDK_Tests/Pods-BeanstalkEngageiOSSDK_Tests.debug.xcconfig"; sourceTree = "<group>"; };
		607FACD01AFB9204008FA782 /* BeanstalkEngageiOSSDK_Example.app */ = {isa = PBXFileReference; explicitFileType = wrapper.application; includeInIndex = 0; path = BeanstalkEngageiOSSDK_Example.app; sourceTree = BUILT_PRODUCTS_DIR; };
		607FACD41AFB9204008FA782 /* Info.plist */ = {isa = PBXFileReference; lastKnownFileType = text.plist.xml; path = Info.plist; sourceTree = "<group>"; };
		607FACD51AFB9204008FA782 /* AppDelegate.swift */ = {isa = PBXFileReference; lastKnownFileType = sourcecode.swift; path = AppDelegate.swift; sourceTree = "<group>"; };
		607FACDA1AFB9204008FA782 /* Base */ = {isa = PBXFileReference; lastKnownFileType = file.storyboard; name = Base; path = Base.lproj/Main.storyboard; sourceTree = "<group>"; };
		607FACDC1AFB9204008FA782 /* Images.xcassets */ = {isa = PBXFileReference; lastKnownFileType = folder.assetcatalog; path = Images.xcassets; sourceTree = "<group>"; };
		607FACDF1AFB9204008FA782 /* Base */ = {isa = PBXFileReference; lastKnownFileType = file.xib; name = Base; path = Base.lproj/LaunchScreen.xib; sourceTree = "<group>"; };
		607FACE51AFB9204008FA782 /* BeanstalkEngageiOSSDK_Tests.xctest */ = {isa = PBXFileReference; explicitFileType = wrapper.cfbundle; includeInIndex = 0; path = BeanstalkEngageiOSSDK_Tests.xctest; sourceTree = BUILT_PRODUCTS_DIR; };
		607FACEA1AFB9204008FA782 /* Info.plist */ = {isa = PBXFileReference; lastKnownFileType = text.plist.xml; path = Info.plist; sourceTree = "<group>"; };
		891053A81E9D12E000595D1D /* PushNotificationsTests.swift */ = {isa = PBXFileReference; fileEncoding = 4; lastKnownFileType = sourcecode.swift; path = PushNotificationsTests.swift; sourceTree = "<group>"; };
		893DA2501E3151EE0095A44B /* AccountTests.swift */ = {isa = PBXFileReference; fileEncoding = 4; lastKnownFileType = sourcecode.swift; path = AccountTests.swift; sourceTree = "<group>"; };
		893DA26F1E36A5140095A44B /* SessionTests.swift */ = {isa = PBXFileReference; fileEncoding = 4; lastKnownFileType = sourcecode.swift; path = SessionTests.swift; sourceTree = "<group>"; };
		894907B91E1C2E730089CB10 /* TestsMetadata.swift */ = {isa = PBXFileReference; fileEncoding = 4; lastKnownFileType = sourcecode.swift; path = TestsMetadata.swift; sourceTree = "<group>"; };
		896623E51E449DF70015698C /* StoresTests.swift */ = {isa = PBXFileReference; fileEncoding = 4; lastKnownFileType = sourcecode.swift; path = StoresTests.swift; sourceTree = "<group>"; };
		896623ED1E49B74E0015698C /* ContactModel.swift */ = {isa = PBXFileReference; fileEncoding = 4; lastKnownFileType = sourcecode.swift; path = ContactModel.swift; sourceTree = "<group>"; };
		896623EF1E49C42C0015698C /* Pods_BeanstalkEngageiOSSDK_Example.framework */ = {isa = PBXFileReference; lastKnownFileType = wrapper.framework; name = Pods_BeanstalkEngageiOSSDK_Example.framework; path = "../../../../../build/BeanstalkEngageiOSSDK-gkwiewcyarlksxfjgcoxqskuchtq/Build/Products/Debug-iphonesimulator/Pods_BeanstalkEngageiOSSDK_Example.framework"; sourceTree = "<group>"; };
		896623F11E49C4960015698C /* BeanstalkEngageiOSSDK.framework */ = {isa = PBXFileReference; lastKnownFileType = wrapper.framework; name = BeanstalkEngageiOSSDK.framework; path = "Pods/../build/Debug-iphoneos/BeanstalkEngageiOSSDK.common-Testing/BeanstalkEngageiOSSDK.framework"; sourceTree = "<group>"; };
		896623F71E4B0C4D0015698C /* RewardsTests.swift */ = {isa = PBXFileReference; fileEncoding = 4; lastKnownFileType = sourcecode.swift; path = RewardsTests.swift; sourceTree = "<group>"; };
		896623FB1E4B2A210015698C /* GiftCardsTests.swift */ = {isa = PBXFileReference; fileEncoding = 4; lastKnownFileType = sourcecode.swift; path = GiftCardsTests.swift; sourceTree = "<group>"; };
		89ACF7EF1E4F215300F8B67A /* ApiService.swift */ = {isa = PBXFileReference; fileEncoding = 4; lastKnownFileType = sourcecode.swift; path = ApiService.swift; sourceTree = "<group>"; };
		89ACF7F31E5091C300F8B67A /* ContactRequest.swift */ = {isa = PBXFileReference; fileEncoding = 4; lastKnownFileType = sourcecode.swift; path = ContactRequest.swift; sourceTree = "<group>"; };
		89BFAC6F1F691CC200C2C87B /* LocalizationTests.swift */ = {isa = PBXFileReference; fileEncoding = 4; lastKnownFileType = sourcecode.swift; path = LocalizationTests.swift; sourceTree = "<group>"; };
		89EDF7CC1E9F78540027B3DC /* LoadingHandlerProtocol.swift */ = {isa = PBXFileReference; fileEncoding = 4; lastKnownFileType = sourcecode.swift; path = LoadingHandlerProtocol.swift; sourceTree = "<group>"; };
		89EDF7CE1E9F78DA0027B3DC /* LoadingHandler.swift */ = {isa = PBXFileReference; fileEncoding = 4; lastKnownFileType = sourcecode.swift; path = LoadingHandler.swift; sourceTree = "<group>"; };
		9C9368698314646B1179234A /* Pods_BeanstalkEngageiOSSDK_Example.framework */ = {isa = PBXFileReference; explicitFileType = wrapper.framework; includeInIndex = 0; path = Pods_BeanstalkEngageiOSSDK_Example.framework; sourceTree = BUILT_PRODUCTS_DIR; };
		AEB80099628A8D15F333D3F5 /* README.md */ = {isa = PBXFileReference; includeInIndex = 1; lastKnownFileType = net.daringfireball.markdown; name = README.md; path = ../README.md; sourceTree = "<group>"; };
		FBD98C60E5D745C6627B2FCE /* Pods-BeanstalkEngageiOSSDK_Example.release.xcconfig */ = {isa = PBXFileReference; includeInIndex = 1; lastKnownFileType = text.xcconfig; name = "Pods-BeanstalkEngageiOSSDK_Example.release.xcconfig"; path = "Pods/Target Support Files/Pods-BeanstalkEngageiOSSDK_Example/Pods-BeanstalkEngageiOSSDK_Example.release.xcconfig"; sourceTree = "<group>"; };
/* End PBXFileReference section */

/* Begin PBXFrameworksBuildPhase section */
		607FACCD1AFB9204008FA782 /* Frameworks */ = {
			isa = PBXFrameworksBuildPhase;
			buildActionMask = 2147483647;
			files = (
				69C7954FD705D4B0AABC17EF /* Pods_BeanstalkEngageiOSSDK_Example.framework in Frameworks */,
			);
			runOnlyForDeploymentPostprocessing = 0;
		};
		607FACE21AFB9204008FA782 /* Frameworks */ = {
			isa = PBXFrameworksBuildPhase;
			buildActionMask = 2147483647;
			files = (
				6C7E8E0DFDCFAB0757D82709 /* Pods_BeanstalkEngageiOSSDK_Tests.framework in Frameworks */,
			);
			runOnlyForDeploymentPostprocessing = 0;
		};
/* End PBXFrameworksBuildPhase section */

/* Begin PBXGroup section */
		0AC13FCA1E718CE700D4B17D /* Controllers */ = {
			isa = PBXGroup;
			children = (
				89EDF7CE1E9F78DA0027B3DC /* LoadingHandler.swift */,
				89EDF7CC1E9F78540027B3DC /* LoadingHandlerProtocol.swift */,
				0AC13FCB1E718CFC00D4B17D /* PushNotificationEnrollmentController.swift */,
			);
			name = Controllers;
			sourceTree = "<group>";
		};
		607FACC71AFB9204008FA782 = {
			isa = PBXGroup;
			children = (
				607FACF51AFB993E008FA782 /* Podspec Metadata */,
				607FACD21AFB9204008FA782 /* Example for BeanstalkEngageiOSSDK */,
				607FACE81AFB9204008FA782 /* Tests */,
				6495E7081AC6A3CF65495854 /* Pods */,
				932BD09EFB9CFD9C8A3AF8AE /* Frameworks */,
			);
			sourceTree = "<group>";
		};
		607FACD11AFB9204008FA782 /* Products */ = {
			isa = PBXGroup;
			children = (
				607FACD01AFB9204008FA782 /* BeanstalkEngageiOSSDK_Example.app */,
				607FACE51AFB9204008FA782 /* BeanstalkEngageiOSSDK_Tests.xctest */,
			);
			name = Products;
			path = ..;
			sourceTree = "<group>";
		};
		607FACD21AFB9204008FA782 /* Example for BeanstalkEngageiOSSDK */ = {
			isa = PBXGroup;
			children = (
				607FACD51AFB9204008FA782 /* AppDelegate.swift */,
				0AC13FCA1E718CE700D4B17D /* Controllers */,
				89ACF7EE1E4F210F00F8B67A /* Core */,
				0A6498261EC9B81B004582A0 /* creds.plist */,
				607FACDC1AFB9204008FA782 /* Images.xcassets */,
				607FACDE1AFB9204008FA782 /* LaunchScreen.xib */,
				607FACD91AFB9204008FA782 /* Main.storyboard */,
				896623EB1E49B6E70015698C /* Models */,
				89ACF7F21E5091B300F8B67A /* Network */,
				607FACD31AFB9204008FA782 /* Supporting Files */,
				896623EC1E49B6F70015698C /* ViewControllers */,
			);
			name = "Example for BeanstalkEngageiOSSDK";
			path = BeanstalkEngageiOSSDK;
			sourceTree = "<group>";
		};
		607FACD31AFB9204008FA782 /* Supporting Files */ = {
			isa = PBXGroup;
			children = (
				0AC13FCF1E71923500D4B17D /* BeanstalkEngageiOSSDK_Example.entitlements */,
				607FACD41AFB9204008FA782 /* Info.plist */,
			);
			name = "Supporting Files";
			sourceTree = "<group>";
		};
		607FACE81AFB9204008FA782 /* Tests */ = {
			isa = PBXGroup;
			children = (
				893DA2501E3151EE0095A44B /* AccountTests.swift */,
				896623FB1E4B2A210015698C /* GiftCardsTests.swift */,
				89BFAC6F1F691CC200C2C87B /* LocalizationTests.swift */,
				891053A81E9D12E000595D1D /* PushNotificationsTests.swift */,
				896623F71E4B0C4D0015698C /* RewardsTests.swift */,
				893DA26F1E36A5140095A44B /* SessionTests.swift */,
				896623E51E449DF70015698C /* StoresTests.swift */,
				894907B91E1C2E730089CB10 /* TestsMetadata.swift */,
				607FACE91AFB9204008FA782 /* Supporting Files */,
			);
			path = Tests;
			sourceTree = "<group>";
		};
		607FACE91AFB9204008FA782 /* Supporting Files */ = {
			isa = PBXGroup;
			children = (
				607FACEA1AFB9204008FA782 /* Info.plist */,
				607FACD11AFB9204008FA782 /* Products */,
			);
			name = "Supporting Files";
			sourceTree = "<group>";
		};
		607FACF51AFB993E008FA782 /* Podspec Metadata */ = {
			isa = PBXGroup;
			children = (
				3BB9CBAC53060E7DC2795B5B /* BeanstalkEngageiOSSDK.podspec */,
				AEB80099628A8D15F333D3F5 /* README.md */,
				1A78645877142EFB4A3A3A44 /* LICENSE */,
			);
			name = "Podspec Metadata";
			sourceTree = "<group>";
		};
		6495E7081AC6A3CF65495854 /* Pods */ = {
			isa = PBXGroup;
			children = (
				1C4626020FA66DEFAE21FA51 /* Pods-BeanstalkEngageiOSSDK_Example.debug.xcconfig */,
				FBD98C60E5D745C6627B2FCE /* Pods-BeanstalkEngageiOSSDK_Example.release.xcconfig */,
				3D28308C4FB6BEFF9E1F7A21 /* Pods-BeanstalkEngageiOSSDK_Tests.debug.xcconfig */,
				28F16C6568C1903F85E216AF /* Pods-BeanstalkEngageiOSSDK_Tests.release.xcconfig */,
			);
			name = Pods;
			sourceTree = "<group>";
		};
		896623EB1E49B6E70015698C /* Models */ = {
			isa = PBXGroup;
			children = (
				896623ED1E49B74E0015698C /* ContactModel.swift */,
			);
			name = Models;
			sourceTree = "<group>";
		};
		896623EC1E49B6F70015698C /* ViewControllers */ = {
			isa = PBXGroup;
			children = (
				0A6696E31DC3654600E51E82 /* AvailableRewardsViewController.swift */,
				0AB1DAEF1DBE22EA00B65DC7 /* BaseViewController.swift */,
				0A9467F71EBA200D00085C54 /* ContactGeoDataViewController.swift */,
				0AFA7C1E1E8D64D0004DE357 /* ContactManagementViewController.swift */,
				0AFB99961DC3B7F400EE9200 /* GiftCardsViewController.swift */,
				0AB1DAE51DB50B6400B65DC7 /* MenuViewController.swift */,
				0A6696E11DC2454200E51E82 /* ProfileViewController.swift */,
				0ADD73951E7C122200E1BF24 /* PushNotificationMessagesTableViewController.swift */,
				0AB1DAE61DB50B6400B65DC7 /* RegisterViewController.swift */,
				0AB1DAED1DBE21A200B65DC7 /* SignInViewController.swift */,
				0A9467F11EA11B2A00085C54 /* TrackTransactionViewController.swift */,
				0A9467F31EA6371500085C54 /* TransactionsListTableViewController.swift */,
				0AFB99941DC381C200EE9200 /* UserProgressViewController.swift */,
			);
			name = ViewControllers;
			sourceTree = "<group>";
		};
		89ACF7EE1E4F210F00F8B67A /* Core */ = {
			isa = PBXGroup;
			children = (
				89ACF7EF1E4F215300F8B67A /* ApiService.swift */,
			);
			name = Core;
			sourceTree = "<group>";
		};
		89ACF7F21E5091B300F8B67A /* Network */ = {
			isa = PBXGroup;
			children = (
				89ACF7F31E5091C300F8B67A /* ContactRequest.swift */,
			);
			name = Network;
			sourceTree = "<group>";
		};
		932BD09EFB9CFD9C8A3AF8AE /* Frameworks */ = {
			isa = PBXGroup;
			children = (
				896623F11E49C4960015698C /* BeanstalkEngageiOSSDK.framework */,
				896623EF1E49C42C0015698C /* Pods_BeanstalkEngageiOSSDK_Example.framework */,
				9C9368698314646B1179234A /* Pods_BeanstalkEngageiOSSDK_Example.framework */,
				392133891CF7051582DC5028 /* Pods_BeanstalkEngageiOSSDK_Tests.framework */,
			);
			name = Frameworks;
			sourceTree = "<group>";
		};
/* End PBXGroup section */

/* Begin PBXNativeTarget section */
		607FACCF1AFB9204008FA782 /* BeanstalkEngageiOSSDK_Example */ = {
			isa = PBXNativeTarget;
			buildConfigurationList = 607FACEF1AFB9204008FA782 /* Build configuration list for PBXNativeTarget "BeanstalkEngageiOSSDK_Example" */;
			buildPhases = (
				F39A1AB48C0A9E9AC118F05B /* [CP] Check Pods Manifest.lock */,
				607FACCC1AFB9204008FA782 /* Sources */,
				607FACCD1AFB9204008FA782 /* Frameworks */,
				607FACCE1AFB9204008FA782 /* Resources */,
				21A2DC47AB39941623D75707 /* [CP] Embed Pods Frameworks */,
				0E2F13C3AD77CFB3213C36C7 /* [CP] Copy Pods Resources */,
			);
			buildRules = (
			);
			dependencies = (
			);
			name = BeanstalkEngageiOSSDK_Example;
			productName = BeanstalkEngageiOSSDK;
			productReference = 607FACD01AFB9204008FA782 /* BeanstalkEngageiOSSDK_Example.app */;
			productType = "com.apple.product-type.application";
		};
		607FACE41AFB9204008FA782 /* BeanstalkEngageiOSSDK_Tests */ = {
			isa = PBXNativeTarget;
			buildConfigurationList = 607FACF21AFB9204008FA782 /* Build configuration list for PBXNativeTarget "BeanstalkEngageiOSSDK_Tests" */;
			buildPhases = (
				CCB328D686DB73D93574904F /* [CP] Check Pods Manifest.lock */,
				607FACE11AFB9204008FA782 /* Sources */,
				607FACE21AFB9204008FA782 /* Frameworks */,
				607FACE31AFB9204008FA782 /* Resources */,
				04A37FB5409FCF02AFE686AF /* [CP] Embed Pods Frameworks */,
				58A6D0ECDEF06D347D4C3158 /* [CP] Copy Pods Resources */,
			);
			buildRules = (
			);
			dependencies = (
				607FACE71AFB9204008FA782 /* PBXTargetDependency */,
			);
			name = BeanstalkEngageiOSSDK_Tests;
			productName = Tests;
			productReference = 607FACE51AFB9204008FA782 /* BeanstalkEngageiOSSDK_Tests.xctest */;
			productType = "com.apple.product-type.bundle.unit-test";
		};
/* End PBXNativeTarget section */

/* Begin PBXProject section */
		607FACC81AFB9204008FA782 /* Project object */ = {
			isa = PBXProject;
			attributes = {
				LastSwiftUpdateCheck = 0720;
				LastUpgradeCheck = 0810;
				ORGANIZATIONNAME = CocoaPods;
				TargetAttributes = {
					607FACCF1AFB9204008FA782 = {
						CreatedOnToolsVersion = 6.3.1;
						DevelopmentTeam = 587P7DM9NE;
						LastSwiftMigration = 0810;
						ProvisioningStyle = Manual;
						SystemCapabilities = {
							com.apple.Push = {
								enabled = 1;
							};
						};
					};
					607FACE41AFB9204008FA782 = {
						CreatedOnToolsVersion = 6.3.1;
						LastSwiftMigration = 0810;
						TestTargetID = 607FACCF1AFB9204008FA782;
					};
				};
			};
			buildConfigurationList = 607FACCB1AFB9204008FA782 /* Build configuration list for PBXProject "BeanstalkEngageiOSSDK" */;
			compatibilityVersion = "Xcode 3.2";
			developmentRegion = English;
			hasScannedForEncodings = 0;
			knownRegions = (
				en,
				Base,
			);
			mainGroup = 607FACC71AFB9204008FA782;
			productRefGroup = 607FACD11AFB9204008FA782 /* Products */;
			projectDirPath = "";
			projectRoot = "";
			targets = (
				607FACCF1AFB9204008FA782 /* BeanstalkEngageiOSSDK_Example */,
				607FACE41AFB9204008FA782 /* BeanstalkEngageiOSSDK_Tests */,
			);
		};
/* End PBXProject section */

/* Begin PBXResourcesBuildPhase section */
		607FACCE1AFB9204008FA782 /* Resources */ = {
			isa = PBXResourcesBuildPhase;
			buildActionMask = 2147483647;
			files = (
				607FACDB1AFB9204008FA782 /* Main.storyboard in Resources */,
				607FACE01AFB9204008FA782 /* LaunchScreen.xib in Resources */,
				0A6498271EC9B81B004582A0 /* creds.plist in Resources */,
				607FACDD1AFB9204008FA782 /* Images.xcassets in Resources */,
			);
			runOnlyForDeploymentPostprocessing = 0;
		};
		607FACE31AFB9204008FA782 /* Resources */ = {
			isa = PBXResourcesBuildPhase;
			buildActionMask = 2147483647;
			files = (
			);
			runOnlyForDeploymentPostprocessing = 0;
		};
/* End PBXResourcesBuildPhase section */

/* Begin PBXShellScriptBuildPhase section */
		04A37FB5409FCF02AFE686AF /* [CP] Embed Pods Frameworks */ = {
			isa = PBXShellScriptBuildPhase;
			buildActionMask = 2147483647;
			files = (
			);
			inputPaths = (
				"${SRCROOT}/Pods/Target Support Files/Pods-BeanstalkEngageiOSSDK_Tests/Pods-BeanstalkEngageiOSSDK_Tests-frameworks.sh",
				"${BUILT_PRODUCTS_DIR}/Alamofire/Alamofire.framework",
				"${BUILT_PRODUCTS_DIR}/AlamofireObjectMapper/AlamofireObjectMapper.framework",
				"${BUILT_PRODUCTS_DIR}/BeanstalkEngageiOSSDK.common-Testing/BeanstalkEngageiOSSDK.framework",
				"${BUILT_PRODUCTS_DIR}/ObjectMapper/ObjectMapper.framework",
				"${BUILT_PRODUCTS_DIR}/PKHUD/PKHUD.framework",
				"${BUILT_PRODUCTS_DIR}/libPhoneNumber-iOS/libPhoneNumber_iOS.framework",
				"${BUILT_PRODUCTS_DIR}/CCTestingUserDefaults/CCTestingUserDefaults.framework",
			);
			name = "[CP] Embed Pods Frameworks";
			outputPaths = (
				"${TARGET_BUILD_DIR}/${FRAMEWORKS_FOLDER_PATH}/Alamofire.framework",
				"${TARGET_BUILD_DIR}/${FRAMEWORKS_FOLDER_PATH}/AlamofireObjectMapper.framework",
				"${TARGET_BUILD_DIR}/${FRAMEWORKS_FOLDER_PATH}/BeanstalkEngageiOSSDK.framework",
				"${TARGET_BUILD_DIR}/${FRAMEWORKS_FOLDER_PATH}/ObjectMapper.framework",
				"${TARGET_BUILD_DIR}/${FRAMEWORKS_FOLDER_PATH}/PKHUD.framework",
				"${TARGET_BUILD_DIR}/${FRAMEWORKS_FOLDER_PATH}/libPhoneNumber_iOS.framework",
				"${TARGET_BUILD_DIR}/${FRAMEWORKS_FOLDER_PATH}/CCTestingUserDefaults.framework",
			);
			runOnlyForDeploymentPostprocessing = 0;
			shellPath = /bin/sh;
			shellScript = "\"${SRCROOT}/Pods/Target Support Files/Pods-BeanstalkEngageiOSSDK_Tests/Pods-BeanstalkEngageiOSSDK_Tests-frameworks.sh\"\n";
			showEnvVarsInLog = 0;
		};
		0E2F13C3AD77CFB3213C36C7 /* [CP] Copy Pods Resources */ = {
			isa = PBXShellScriptBuildPhase;
			buildActionMask = 2147483647;
			files = (
			);
			inputPaths = (
			);
			name = "[CP] Copy Pods Resources";
			outputPaths = (
			);
			runOnlyForDeploymentPostprocessing = 0;
			shellPath = /bin/sh;
			shellScript = "\"${SRCROOT}/Pods/Target Support Files/Pods-BeanstalkEngageiOSSDK_Example/Pods-BeanstalkEngageiOSSDK_Example-resources.sh\"\n";
			showEnvVarsInLog = 0;
		};
		21A2DC47AB39941623D75707 /* [CP] Embed Pods Frameworks */ = {
			isa = PBXShellScriptBuildPhase;
			buildActionMask = 2147483647;
			files = (
			);
			inputPaths = (
				"${SRCROOT}/Pods/Target Support Files/Pods-BeanstalkEngageiOSSDK_Example/Pods-BeanstalkEngageiOSSDK_Example-frameworks.sh",
				"${BUILT_PRODUCTS_DIR}/Alamofire/Alamofire.framework",
				"${BUILT_PRODUCTS_DIR}/AlamofireObjectMapper/AlamofireObjectMapper.framework",
				"${BUILT_PRODUCTS_DIR}/BeanstalkEngageiOSSDK.common/BeanstalkEngageiOSSDK.framework",
				"${BUILT_PRODUCTS_DIR}/ObjectMapper/ObjectMapper.framework",
				"${BUILT_PRODUCTS_DIR}/PKHUD/PKHUD.framework",
				"${BUILT_PRODUCTS_DIR}/libPhoneNumber-iOS/libPhoneNumber_iOS.framework",
			);
			name = "[CP] Embed Pods Frameworks";
			outputPaths = (
				"${TARGET_BUILD_DIR}/${FRAMEWORKS_FOLDER_PATH}/Alamofire.framework",
				"${TARGET_BUILD_DIR}/${FRAMEWORKS_FOLDER_PATH}/AlamofireObjectMapper.framework",
				"${TARGET_BUILD_DIR}/${FRAMEWORKS_FOLDER_PATH}/BeanstalkEngageiOSSDK.framework",
				"${TARGET_BUILD_DIR}/${FRAMEWORKS_FOLDER_PATH}/ObjectMapper.framework",
				"${TARGET_BUILD_DIR}/${FRAMEWORKS_FOLDER_PATH}/PKHUD.framework",
				"${TARGET_BUILD_DIR}/${FRAMEWORKS_FOLDER_PATH}/libPhoneNumber_iOS.framework",
			);
			runOnlyForDeploymentPostprocessing = 0;
			shellPath = /bin/sh;
			shellScript = "\"${SRCROOT}/Pods/Target Support Files/Pods-BeanstalkEngageiOSSDK_Example/Pods-BeanstalkEngageiOSSDK_Example-frameworks.sh\"\n";
			showEnvVarsInLog = 0;
		};
		58A6D0ECDEF06D347D4C3158 /* [CP] Copy Pods Resources */ = {
			isa = PBXShellScriptBuildPhase;
			buildActionMask = 2147483647;
			files = (
			);
			inputPaths = (
			);
			name = "[CP] Copy Pods Resources";
			outputPaths = (
			);
			runOnlyForDeploymentPostprocessing = 0;
			shellPath = /bin/sh;
			shellScript = "\"${SRCROOT}/Pods/Target Support Files/Pods-BeanstalkEngageiOSSDK_Tests/Pods-BeanstalkEngageiOSSDK_Tests-resources.sh\"\n";
			showEnvVarsInLog = 0;
		};
		CCB328D686DB73D93574904F /* [CP] Check Pods Manifest.lock */ = {
			isa = PBXShellScriptBuildPhase;
			buildActionMask = 2147483647;
			files = (
			);
			inputPaths = (
				"${PODS_PODFILE_DIR_PATH}/Podfile.lock",
				"${PODS_ROOT}/Manifest.lock",
			);
			name = "[CP] Check Pods Manifest.lock";
			outputPaths = (
				"$(DERIVED_FILE_DIR)/Pods-BeanstalkEngageiOSSDK_Tests-checkManifestLockResult.txt",
			);
			runOnlyForDeploymentPostprocessing = 0;
			shellPath = /bin/sh;
			shellScript = "diff \"${PODS_PODFILE_DIR_PATH}/Podfile.lock\" \"${PODS_ROOT}/Manifest.lock\" > /dev/null\nif [ $? != 0 ] ; then\n    # print error to STDERR\n    echo \"error: The sandbox is not in sync with the Podfile.lock. Run 'pod install' or update your CocoaPods installation.\" >&2\n    exit 1\nfi\n# This output is used by Xcode 'outputs' to avoid re-running this script phase.\necho \"SUCCESS\" > \"${SCRIPT_OUTPUT_FILE_0}\"\n";
			showEnvVarsInLog = 0;
		};
		F39A1AB48C0A9E9AC118F05B /* [CP] Check Pods Manifest.lock */ = {
			isa = PBXShellScriptBuildPhase;
			buildActionMask = 2147483647;
			files = (
			);
			inputPaths = (
				"${PODS_PODFILE_DIR_PATH}/Podfile.lock",
				"${PODS_ROOT}/Manifest.lock",
			);
			name = "[CP] Check Pods Manifest.lock";
			outputPaths = (
				"$(DERIVED_FILE_DIR)/Pods-BeanstalkEngageiOSSDK_Example-checkManifestLockResult.txt",
			);
			runOnlyForDeploymentPostprocessing = 0;
			shellPath = /bin/sh;
			shellScript = "diff \"${PODS_PODFILE_DIR_PATH}/Podfile.lock\" \"${PODS_ROOT}/Manifest.lock\" > /dev/null\nif [ $? != 0 ] ; then\n    # print error to STDERR\n    echo \"error: The sandbox is not in sync with the Podfile.lock. Run 'pod install' or update your CocoaPods installation.\" >&2\n    exit 1\nfi\n# This output is used by Xcode 'outputs' to avoid re-running this script phase.\necho \"SUCCESS\" > \"${SCRIPT_OUTPUT_FILE_0}\"\n";
			showEnvVarsInLog = 0;
		};
/* End PBXShellScriptBuildPhase section */

/* Begin PBXSourcesBuildPhase section */
		607FACCC1AFB9204008FA782 /* Sources */ = {
			isa = PBXSourcesBuildPhase;
			buildActionMask = 2147483647;
			files = (
				0A6696E21DC2454200E51E82 /* ProfileViewController.swift in Sources */,
				89EDF7CF1E9F78DA0027B3DC /* LoadingHandler.swift in Sources */,
				0AB1DAF01DBE22EA00B65DC7 /* BaseViewController.swift in Sources */,
				0AB1DAEE1DBE21A200B65DC7 /* SignInViewController.swift in Sources */,
				0AB1DAE81DB50B6400B65DC7 /* RegisterViewController.swift in Sources */,
				0AFB99971DC3B7F400EE9200 /* GiftCardsViewController.swift in Sources */,
				0AFB99951DC381C200EE9200 /* UserProgressViewController.swift in Sources */,
				89EDF7CD1E9F78540027B3DC /* LoadingHandlerProtocol.swift in Sources */,
				0A9467F21EA11B2A00085C54 /* TrackTransactionViewController.swift in Sources */,
				0AC13FCC1E718CFC00D4B17D /* PushNotificationEnrollmentController.swift in Sources */,
				0ADD73961E7C122200E1BF24 /* PushNotificationMessagesTableViewController.swift in Sources */,
				0AFA7C1F1E8D64D0004DE357 /* ContactManagementViewController.swift in Sources */,
				0A9467F41EA6371500085C54 /* TransactionsListTableViewController.swift in Sources */,
				89ACF7F01E4F215300F8B67A /* ApiService.swift in Sources */,
				607FACD61AFB9204008FA782 /* AppDelegate.swift in Sources */,
				89ACF7F41E5091C300F8B67A /* ContactRequest.swift in Sources */,
				0A6696E41DC3654600E51E82 /* AvailableRewardsViewController.swift in Sources */,
				0A9467F81EBA200D00085C54 /* ContactGeoDataViewController.swift in Sources */,
				896623EE1E49B74E0015698C /* ContactModel.swift in Sources */,
				0AB1DAE71DB50B6400B65DC7 /* MenuViewController.swift in Sources */,
			);
			runOnlyForDeploymentPostprocessing = 0;
		};
		607FACE11AFB9204008FA782 /* Sources */ = {
			isa = PBXSourcesBuildPhase;
			buildActionMask = 2147483647;
			files = (
				896623F81E4B0C4D0015698C /* RewardsTests.swift in Sources */,
				896623FC1E4B2A210015698C /* GiftCardsTests.swift in Sources */,
				893DA2701E36A5140095A44B /* SessionTests.swift in Sources */,
				89BFAC711F691D0100C2C87B /* LocalizationTests.swift in Sources */,
				894907BB1E1C2EA00089CB10 /* TestsMetadata.swift in Sources */,
				891053A91E9D12E000595D1D /* PushNotificationsTests.swift in Sources */,
				893DA2511E3151EE0095A44B /* AccountTests.swift in Sources */,
				89ACF7F51E5091C300F8B67A /* ContactRequest.swift in Sources */,
				896623F31E49C4E90015698C /* ContactModel.swift in Sources */,
				89ACF7F11E4F215300F8B67A /* ApiService.swift in Sources */,
				896623E61E449DF70015698C /* StoresTests.swift in Sources */,
			);
			runOnlyForDeploymentPostprocessing = 0;
		};
/* End PBXSourcesBuildPhase section */

/* Begin PBXTargetDependency section */
		607FACE71AFB9204008FA782 /* PBXTargetDependency */ = {
			isa = PBXTargetDependency;
			target = 607FACCF1AFB9204008FA782 /* BeanstalkEngageiOSSDK_Example */;
			targetProxy = 607FACE61AFB9204008FA782 /* PBXContainerItemProxy */;
		};
/* End PBXTargetDependency section */

/* Begin PBXVariantGroup section */
		607FACD91AFB9204008FA782 /* Main.storyboard */ = {
			isa = PBXVariantGroup;
			children = (
				607FACDA1AFB9204008FA782 /* Base */,
			);
			name = Main.storyboard;
			sourceTree = "<group>";
		};
		607FACDE1AFB9204008FA782 /* LaunchScreen.xib */ = {
			isa = PBXVariantGroup;
			children = (
				607FACDF1AFB9204008FA782 /* Base */,
			);
			name = LaunchScreen.xib;
			sourceTree = "<group>";
		};
/* End PBXVariantGroup section */

/* Begin XCBuildConfiguration section */
		607FACED1AFB9204008FA782 /* Debug */ = {
			isa = XCBuildConfiguration;
			buildSettings = {
				ALWAYS_SEARCH_USER_PATHS = NO;
				CLANG_CXX_LANGUAGE_STANDARD = "gnu++0x";
				CLANG_CXX_LIBRARY = "libc++";
				CLANG_ENABLE_MODULES = YES;
				CLANG_ENABLE_OBJC_ARC = YES;
				CLANG_WARN_BOOL_CONVERSION = YES;
				CLANG_WARN_CONSTANT_CONVERSION = YES;
				CLANG_WARN_DIRECT_OBJC_ISA_USAGE = YES_ERROR;
				CLANG_WARN_EMPTY_BODY = YES;
				CLANG_WARN_ENUM_CONVERSION = YES;
				CLANG_WARN_INFINITE_RECURSION = YES;
				CLANG_WARN_INT_CONVERSION = YES;
				CLANG_WARN_OBJC_ROOT_CLASS = YES_ERROR;
				CLANG_WARN_SUSPICIOUS_MOVE = YES;
				CLANG_WARN_UNREACHABLE_CODE = YES;
				CLANG_WARN__DUPLICATE_METHOD_MATCH = YES;
				"CODE_SIGN_IDENTITY[sdk=iphoneos*]" = "iPhone Developer";
				COPY_PHASE_STRIP = NO;
				DEBUG_INFORMATION_FORMAT = "dwarf-with-dsym";
				ENABLE_STRICT_OBJC_MSGSEND = YES;
				ENABLE_TESTABILITY = YES;
				GCC_C_LANGUAGE_STANDARD = gnu99;
				GCC_DYNAMIC_NO_PIC = NO;
				GCC_NO_COMMON_BLOCKS = YES;
				GCC_OPTIMIZATION_LEVEL = 0;
				GCC_PREPROCESSOR_DEFINITIONS = (
					"DEBUG=1",
					"$(inherited)",
				);
				GCC_SYMBOLS_PRIVATE_EXTERN = NO;
				GCC_WARN_64_TO_32_BIT_CONVERSION = YES;
				GCC_WARN_ABOUT_RETURN_TYPE = YES_ERROR;
				GCC_WARN_UNDECLARED_SELECTOR = YES;
				GCC_WARN_UNINITIALIZED_AUTOS = YES_AGGRESSIVE;
				GCC_WARN_UNUSED_FUNCTION = YES;
				GCC_WARN_UNUSED_VARIABLE = YES;
				IPHONEOS_DEPLOYMENT_TARGET = 8.3;
				MTL_ENABLE_DEBUG_INFO = YES;
				ONLY_ACTIVE_ARCH = YES;
				SDKROOT = iphoneos;
				SWIFT_OPTIMIZATION_LEVEL = "-Onone";
				SWIFT_VERSION = 2.3;
			};
			name = Debug;
		};
		607FACEE1AFB9204008FA782 /* Release */ = {
			isa = XCBuildConfiguration;
			buildSettings = {
				ALWAYS_SEARCH_USER_PATHS = NO;
				CLANG_CXX_LANGUAGE_STANDARD = "gnu++0x";
				CLANG_CXX_LIBRARY = "libc++";
				CLANG_ENABLE_MODULES = YES;
				CLANG_ENABLE_OBJC_ARC = YES;
				CLANG_WARN_BOOL_CONVERSION = YES;
				CLANG_WARN_CONSTANT_CONVERSION = YES;
				CLANG_WARN_DIRECT_OBJC_ISA_USAGE = YES_ERROR;
				CLANG_WARN_EMPTY_BODY = YES;
				CLANG_WARN_ENUM_CONVERSION = YES;
				CLANG_WARN_INFINITE_RECURSION = YES;
				CLANG_WARN_INT_CONVERSION = YES;
				CLANG_WARN_OBJC_ROOT_CLASS = YES_ERROR;
				CLANG_WARN_SUSPICIOUS_MOVE = YES;
				CLANG_WARN_UNREACHABLE_CODE = YES;
				CLANG_WARN__DUPLICATE_METHOD_MATCH = YES;
				"CODE_SIGN_IDENTITY[sdk=iphoneos*]" = "iPhone Developer";
				COPY_PHASE_STRIP = NO;
				DEBUG_INFORMATION_FORMAT = "dwarf-with-dsym";
				ENABLE_NS_ASSERTIONS = NO;
				ENABLE_STRICT_OBJC_MSGSEND = YES;
				GCC_C_LANGUAGE_STANDARD = gnu99;
				GCC_NO_COMMON_BLOCKS = YES;
				GCC_WARN_64_TO_32_BIT_CONVERSION = YES;
				GCC_WARN_ABOUT_RETURN_TYPE = YES_ERROR;
				GCC_WARN_UNDECLARED_SELECTOR = YES;
				GCC_WARN_UNINITIALIZED_AUTOS = YES_AGGRESSIVE;
				GCC_WARN_UNUSED_FUNCTION = YES;
				GCC_WARN_UNUSED_VARIABLE = YES;
				IPHONEOS_DEPLOYMENT_TARGET = 8.3;
				MTL_ENABLE_DEBUG_INFO = NO;
				SDKROOT = iphoneos;
				SWIFT_OPTIMIZATION_LEVEL = "-Owholemodule";
				SWIFT_VERSION = 2.3;
				VALIDATE_PRODUCT = YES;
			};
			name = Release;
		};
		607FACF01AFB9204008FA782 /* Debug */ = {
			isa = XCBuildConfiguration;
			baseConfigurationReference = 1C4626020FA66DEFAE21FA51 /* Pods-BeanstalkEngageiOSSDK_Example.debug.xcconfig */;
			buildSettings = {
				ALWAYS_EMBED_SWIFT_STANDARD_LIBRARIES = YES;
				ASSETCATALOG_COMPILER_APPICON_NAME = AppIcon;
				CODE_SIGN_ENTITLEMENTS = BeanstalkEngageiOSSDK_Example.entitlements;
				CODE_SIGN_IDENTITY = "iPhone Developer";
				DEVELOPMENT_TEAM = 587P7DM9NE;
				INFOPLIST_FILE = BeanstalkEngageiOSSDK/Info.plist;
				LD_RUNPATH_SEARCH_PATHS = "$(inherited) @executable_path/Frameworks";
				MODULE_NAME = ExampleApp;
				PRODUCT_BUNDLE_IDENTIFIER = com.beanstalkdata.engagesdk.test;
				PRODUCT_NAME = "$(TARGET_NAME)";
				SWIFT_VERSION = 3.0;
			};
			name = Debug;
		};
		607FACF11AFB9204008FA782 /* Release */ = {
			isa = XCBuildConfiguration;
			baseConfigurationReference = FBD98C60E5D745C6627B2FCE /* Pods-BeanstalkEngageiOSSDK_Example.release.xcconfig */;
			buildSettings = {
				ALWAYS_EMBED_SWIFT_STANDARD_LIBRARIES = YES;
				ASSETCATALOG_COMPILER_APPICON_NAME = AppIcon;
				CODE_SIGN_ENTITLEMENTS = BeanstalkEngageiOSSDK_Example.entitlements;
				CODE_SIGN_IDENTITY = "iPhone Distribution";
				DEVELOPMENT_TEAM = 587P7DM9NE;
				INFOPLIST_FILE = BeanstalkEngageiOSSDK/Info.plist;
				LD_RUNPATH_SEARCH_PATHS = "$(inherited) @executable_path/Frameworks";
				MODULE_NAME = ExampleApp;
				PRODUCT_BUNDLE_IDENTIFIER = com.beanstalkdata.engagesdk.test;
				PRODUCT_NAME = "$(TARGET_NAME)";
				SWIFT_VERSION = 3.0;
			};
			name = Release;
		};
		607FACF31AFB9204008FA782 /* Debug */ = {
			isa = XCBuildConfiguration;
			baseConfigurationReference = 3D28308C4FB6BEFF9E1F7A21 /* Pods-BeanstalkEngageiOSSDK_Tests.debug.xcconfig */;
			buildSettings = {
				FRAMEWORK_SEARCH_PATHS = (
					"$(SDKROOT)/Developer/Library/Frameworks",
					"$(inherited)",
					"$(PROJECT_DIR)/build/Debug-iphoneos/BeanstalkEngageiOSSDK.common-Testing",
				);
				GCC_PREPROCESSOR_DEFINITIONS = (
					"DEBUG=1",
					"$(inherited)",
				);
				INFOPLIST_FILE = Tests/Info.plist;
				LD_RUNPATH_SEARCH_PATHS = "$(inherited) @executable_path/Frameworks @loader_path/Frameworks";
				PRODUCT_BUNDLE_IDENTIFIER = "com.beanstalkdata.engagesdk.test-tests";
				PRODUCT_NAME = "$(TARGET_NAME)";
				SWIFT_VERSION = 3.0;
			};
			name = Debug;
		};
		607FACF41AFB9204008FA782 /* Release */ = {
			isa = XCBuildConfiguration;
			baseConfigurationReference = 28F16C6568C1903F85E216AF /* Pods-BeanstalkEngageiOSSDK_Tests.release.xcconfig */;
			buildSettings = {
				FRAMEWORK_SEARCH_PATHS = (
					"$(SDKROOT)/Developer/Library/Frameworks",
					"$(inherited)",
					"$(PROJECT_DIR)/build/Debug-iphoneos/BeanstalkEngageiOSSDK.common-Testing",
				);
				INFOPLIST_FILE = Tests/Info.plist;
				LD_RUNPATH_SEARCH_PATHS = "$(inherited) @executable_path/Frameworks @loader_path/Frameworks";
				PRODUCT_BUNDLE_IDENTIFIER = "com.beanstalkdata.engagesdk.test-tests";
				PRODUCT_NAME = "$(TARGET_NAME)";
				SWIFT_VERSION = 3.0;
			};
			name = Release;
		};
/* End XCBuildConfiguration section */

/* Begin XCConfigurationList section */
		607FACCB1AFB9204008FA782 /* Build configuration list for PBXProject "BeanstalkEngageiOSSDK" */ = {
			isa = XCConfigurationList;
			buildConfigurations = (
				607FACED1AFB9204008FA782 /* Debug */,
				607FACEE1AFB9204008FA782 /* Release */,
			);
			defaultConfigurationIsVisible = 0;
			defaultConfigurationName = Release;
		};
		607FACEF1AFB9204008FA782 /* Build configuration list for PBXNativeTarget "BeanstalkEngageiOSSDK_Example" */ = {
			isa = XCConfigurationList;
			buildConfigurations = (
				607FACF01AFB9204008FA782 /* Debug */,
				607FACF11AFB9204008FA782 /* Release */,
			);
			defaultConfigurationIsVisible = 0;
			defaultConfigurationName = Release;
		};
		607FACF21AFB9204008FA782 /* Build configuration list for PBXNativeTarget "BeanstalkEngageiOSSDK_Tests" */ = {
			isa = XCConfigurationList;
			buildConfigurations = (
				607FACF31AFB9204008FA782 /* Debug */,
				607FACF41AFB9204008FA782 /* Release */,
			);
			defaultConfigurationIsVisible = 0;
			defaultConfigurationName = Release;
		};
/* End XCConfigurationList section */
	};
	rootObject = 607FACC81AFB9204008FA782 /* Project object */;
}
