PODS:
  - Alamofire (3.5.1)
  - AlamofireObjectMapper (3.0.2):
    - Alamofire (~> 3.2)
    - ObjectMapper (~> 1.0)
  - BeanstalkEngageiOSSDK (0.3.7):
    - BeanstalkEngageiOSSDK/Core (= 0.3.7)
  - BeanstalkEngageiOSSDK/Control (0.3.7):
    - BeanstalkEngageiOSSDK/Model
    - BeanstalkEngageiOSSDK/Network
    - libPhoneNumber-iOS (~> 0.8)
    - PKHUD (~> 3.2.1)
  - BeanstalkEngageiOSSDK/Core (0.3.7):
    - BeanstalkEngageiOSSDK/Control
    - BeanstalkEngageiOSSDK/Model
    - BeanstalkEngageiOSSDK/Network
  - BeanstalkEngageiOSSDK/Model (0.3.7):
    - AlamofireObjectMapper (~> 3.0.0)
  - BeanstalkEngageiOSSDK/Network (0.3.7):
    - Alamofire (~> 3.5.1)
    - BeanstalkEngageiOSSDK/Model
    - Timberjack
  - BeanstalkEngageiOSSDK/Testing (0.3.7):
    - BeanstalkEngageiOSSDK/Control
    - BeanstalkEngageiOSSDK/Model
    - BeanstalkEngageiOSSDK/Network
  - libPhoneNumber-iOS (0.9.2)
  - ObjectMapper (1.5.0)
  - PKHUD (3.2.1)
  - Timberjack (0.0.2)

DEPENDENCIES:
  - BeanstalkEngageiOSSDK (from `../`)
  - BeanstalkEngageiOSSDK/Testing (from `../`)

EXTERNAL SOURCES:
  BeanstalkEngageiOSSDK:
    :path: ../

SPEC CHECKSUMS:
  Alamofire: 0dfba1184a543e2aa160f4e39cac4e8aba48d223
  AlamofireObjectMapper: 70f97cbf45c01c48d26aa07a1a7059a60ed7411d
  BeanstalkEngageiOSSDK: c898e26f8077208e360fe6079816e2c659022a72
  libPhoneNumber-iOS: a8bffdec18c37728360f6771fe021302f1e0b497
  ObjectMapper: 386645adca9d9d23b95eda43090b09d66444cf14
  PKHUD: 001c11518f125a273ddf026bcc64918423744ea2
  Timberjack: 4181fb4fa5c0c02a0855deb5aa1ade6043db7b42

PODFILE CHECKSUM: 0c7326b5737c456c5f74d86a3eb1761658735544

COCOAPODS: 1.2.0.beta.1
